# This file is automatically @generated by Poetry 2.1.3 and should not be changed by hand.

[[package]]
name = "sdnotify"
version = "0.3.2"
description = "A pure Python implementation of systemd's service notification protocol (sd_notify)"
optional = false
python-versions = "*"
groups = ["main"]
markers = "sys_platform == \"linux\""
files = [
    {file = "sdnotify-0.3.2.tar.gz", hash = "sha256:73977fc746b36cc41184dd43c3fe81323e7b8b06c2bb0826c4f59a20c56bb9f1"},
]

[metadata]
lock-version = "2.1"
python-versions = "^3.12"
content-hash = "480e61ec59582ef996aab09892ea0d4e0cf5022a04912858656445a140fb77ea"
