# This file is automatically @generated by Poetry 1.7.1 and should not be changed by hand.

[[package]]
name = "sdnotify"
version = "0.3.2"
description = "A pure Python implementation of systemd's service notification protocol (sd_notify)"
optional = false
python-versions = "*"
files = [
    {file = "sdnotify-0.3.2.tar.gz", hash = "sha256:73977fc746b36cc41184dd43c3fe81323e7b8b06c2bb0826c4f59a20c56bb9f1"},
]

[metadata]
lock-version = "2.0"
python-versions = "^3.12"
content-hash = "34891f905b9974ce67fc95626952aeb3e40f886fb715030b4cab8bfce4400ba8"
